
Microsoft Visual Studio Solution File, Format Version 12.00
# Visual Studio Version 17
VisualStudioVersion = 17.3.32901.215
MinimumVisualStudioVersion = 10.0.40219.1
Project("{9A19103F-16F7-4668-BE54-9A1E7A4F7556}") = "TraversalCoreProje", "TraversalCoreProje\TraversalCoreProje.csproj", "{32F86C49-3466-4A13-9300-1AA9BA237440}"
EndProject
Project("{9A19103F-16F7-4668-BE54-9A1E7A4F7556}") = "EntityLayer", "EntityLayer\EntityLayer.csproj", "{31A4A67C-DD20-498E-9718-B049BE9BF339}"
EndProject
Project("{9A19103F-16F7-4668-BE54-9A1E7A4F7556}") = "DataAccessLayer", "DataAccessLayer\DataAccessLayer.csproj", "{3B279058-D162-4E15-AF94-BD626668B3CD}"
EndProject
Project("{9A19103F-16F7-4668-BE54-9A1E7A4F7556}") = "BusinessLayer", "BusinessLayer\BusinessLayer.csproj", "{91351141-1CE8-465A-A196-D8A19A9A40A8}"
EndProject
Project("{FAE04EC0-301F-11D3-BF4B-00C04F79EFBC}") = "DTOLayer", "DTOLayer\DTOLayer.csproj", "{9580A5BF-4151-43AC-BF94-965106ECDB98}"
EndProject
Global
	GlobalSection(SolutionConfigurationPlatforms) = preSolution
		Debug|Any CPU = Debug|Any CPU
		Release|Any CPU = Release|Any CPU
	EndGlobalSection
	GlobalSection(ProjectConfigurationPlatforms) = postSolution
		{32F86C49-3466-4A13-9300-1AA9BA237440}.Debug|Any CPU.ActiveCfg = Debug|Any CPU
		{32F86C49-3466-4A13-9300-1AA9BA237440}.Debug|Any CPU.Build.0 = Debug|Any CPU
		{32F86C49-3466-4A13-9300-1AA9BA237440}.Release|Any CPU.ActiveCfg = Release|Any CPU
		{32F86C49-3466-4A13-9300-1AA9BA237440}.Release|Any CPU.Build.0 = Release|Any CPU
		{31A4A67C-DD20-498E-9718-B049BE9BF339}.Debug|Any CPU.ActiveCfg = Debug|Any CPU
		{31A4A67C-DD20-498E-9718-B049BE9BF339}.Debug|Any CPU.Build.0 = Debug|Any CPU
		{31A4A67C-DD20-498E-9718-B049BE9BF339}.Release|Any CPU.ActiveCfg = Release|Any CPU
		{31A4A67C-DD20-498E-9718-B049BE9BF339}.Release|Any CPU.Build.0 = Release|Any CPU
		{3B279058-D162-4E15-AF94-BD626668B3CD}.Debug|Any CPU.ActiveCfg = Debug|Any CPU
		{3B279058-D162-4E15-AF94-BD626668B3CD}.Debug|Any CPU.Build.0 = Debug|Any CPU
		{3B279058-D162-4E15-AF94-BD626668B3CD}.Release|Any CPU.ActiveCfg = Release|Any CPU
		{3B279058-D162-4E15-AF94-BD626668B3CD}.Release|Any CPU.Build.0 = Release|Any CPU
		{91351141-1CE8-465A-A196-D8A19A9A40A8}.Debug|Any CPU.ActiveCfg = Debug|Any CPU
		{91351141-1CE8-465A-A196-D8A19A9A40A8}.Debug|Any CPU.Build.0 = Debug|Any CPU
		{91351141-1CE8-465A-A196-D8A19A9A40A8}.Release|Any CPU.ActiveCfg = Release|Any CPU
		{91351141-1CE8-465A-A196-D8A19A9A40A8}.Release|Any CPU.Build.0 = Release|Any CPU
		{9580A5BF-4151-43AC-BF94-965106ECDB98}.Debug|Any CPU.ActiveCfg = Debug|Any CPU
		{9580A5BF-4151-43AC-BF94-965106ECDB98}.Debug|Any CPU.Build.0 = Debug|Any CPU
		{9580A5BF-4151-43AC-BF94-965106ECDB98}.Release|Any CPU.ActiveCfg = Release|Any CPU
		{9580A5BF-4151-43AC-BF94-965106ECDB98}.Release|Any CPU.Build.0 = Release|Any CPU
	EndGlobalSection
	GlobalSection(SolutionProperties) = preSolution
		HideSolutionNode = FALSE
	EndGlobalSection
	GlobalSection(ExtensibilityGlobals) = postSolution
		SolutionGuid = {51E889E0-FAF7-4582-9EF2-B43AE95A4ADF}
	EndGlobalSection
EndGlobal
